
Microsoft Visual Studio Solution File, Format Version 12.00
# Visual Studio 15
VisualStudioVersion = 15.0.27004.2008
MinimumVisualStudioVersion = 10.0.40219.1
Project("{FAE04EC0-301F-11D3-BF4B-00C04F79EFBC}") = "MyFirstOO.Commodity.Console", "MyFirstOO.Commodity\MyFirstOO.Commodity.Console.csproj", "{FE5F7EB2-00DE-4420-A524-018DAC80FFAF}"
EndProject
Project("{2150E333-8FDC-42A3-9474-1A3956D46DE8}") = "UnitTest", "UnitTest", "{075BC1BD-358F-4EE5-A20C-1A68D56D1D3D}"
EndProject
Project("{FAE04EC0-301F-11D3-BF4B-00C04F79EFBC}") = "MyFirstOO.Commodity.UnitTest", "MyFirstOO.Commodity.UnitTest\MyFirstOO.Commodity.UnitTest.csproj", "{1E96A005-9E45-4B6B-B5B9-01C3AD309180}"
EndProject
Project("{FAE04EC0-301F-11D3-BF4B-00C04F79EFBC}") = "MyFirstOO.Commodity.Core", "MyFirstOO.Commodity.Core\MyFirstOO.Commodity.Core.csproj", "{CC87F900-4FC2-426D-8331-C71D42028751}"
EndProject
Project("{FAE04EC0-301F-11D3-BF4B-00C04F79EFBC}") = "MyFirstOO.Commodity.Model", "MyFirstOO.Commodity.Model\MyFirstOO.Commodity.Model.csproj", "{C9923676-6A08-486C-B99C-938C97E86EEE}"
EndProject
Project("{2150E333-8FDC-42A3-9474-1A3956D46DE8}") = "Model", "Model", "{7692CEAC-35CD-485B-A937-88F765BAE4AF}"
EndProject
Project("{FAE04EC0-301F-11D3-BF4B-00C04F79EFBC}") = "MyFirstOO.Commodity.Dto", "MyFirstOO.Commodity.Dto\MyFirstOO.Commodity.Dto.csproj", "{2E80B885-C2D7-49A0-8A51-37044692AC38}"
EndProject
Global
	GlobalSection(SolutionConfigurationPlatforms) = preSolution
		Debug|Any CPU = Debug|Any CPU
		Debug|ARM = Debug|ARM
		Debug|x64 = Debug|x64
		Debug|x86 = Debug|x86
		Release|Any CPU = Release|Any CPU
		Release|ARM = Release|ARM
		Release|x64 = Release|x64
		Release|x86 = Release|x86
	EndGlobalSection
	GlobalSection(ProjectConfigurationPlatforms) = postSolution
		{FE5F7EB2-00DE-4420-A524-018DAC80FFAF}.Debug|Any CPU.ActiveCfg = Debug|Any CPU
		{FE5F7EB2-00DE-4420-A524-018DAC80FFAF}.Debug|Any CPU.Build.0 = Debug|Any CPU
		{FE5F7EB2-00DE-4420-A524-018DAC80FFAF}.Debug|ARM.ActiveCfg = Debug|Any CPU
		{FE5F7EB2-00DE-4420-A524-018DAC80FFAF}.Debug|ARM.Build.0 = Debug|Any CPU
		{FE5F7EB2-00DE-4420-A524-018DAC80FFAF}.Debug|x64.ActiveCfg = Debug|Any CPU
		{FE5F7EB2-00DE-4420-A524-018DAC80FFAF}.Debug|x64.Build.0 = Debug|Any CPU
		{FE5F7EB2-00DE-4420-A524-018DAC80FFAF}.Debug|x86.ActiveCfg = Debug|Any CPU
		{FE5F7EB2-00DE-4420-A524-018DAC80FFAF}.Debug|x86.Build.0 = Debug|Any CPU
		{FE5F7EB2-00DE-4420-A524-018DAC80FFAF}.Release|Any CPU.ActiveCfg = Release|Any CPU
		{FE5F7EB2-00DE-4420-A524-018DAC80FFAF}.Release|Any CPU.Build.0 = Release|Any CPU
		{FE5F7EB2-00DE-4420-A524-018DAC80FFAF}.Release|ARM.ActiveCfg = Release|Any CPU
		{FE5F7EB2-00DE-4420-A524-018DAC80FFAF}.Release|ARM.Build.0 = Release|Any CPU
		{FE5F7EB2-00DE-4420-A524-018DAC80FFAF}.Release|x64.ActiveCfg = Release|Any CPU
		{FE5F7EB2-00DE-4420-A524-018DAC80FFAF}.Release|x64.Build.0 = Release|Any CPU
		{FE5F7EB2-00DE-4420-A524-018DAC80FFAF}.Release|x86.ActiveCfg = Release|Any CPU
		{FE5F7EB2-00DE-4420-A524-018DAC80FFAF}.Release|x86.Build.0 = Release|Any CPU
		{1E96A005-9E45-4B6B-B5B9-01C3AD309180}.Debug|Any CPU.ActiveCfg = Debug|Any CPU
		{1E96A005-9E45-4B6B-B5B9-01C3AD309180}.Debug|Any CPU.Build.0 = Debug|Any CPU
		{1E96A005-9E45-4B6B-B5B9-01C3AD309180}.Debug|ARM.ActiveCfg = Debug|Any CPU
		{1E96A005-9E45-4B6B-B5B9-01C3AD309180}.Debug|ARM.Build.0 = Debug|Any CPU
		{1E96A005-9E45-4B6B-B5B9-01C3AD309180}.Debug|x64.ActiveCfg = Debug|Any CPU
		{1E96A005-9E45-4B6B-B5B9-01C3AD309180}.Debug|x64.Build.0 = Debug|Any CPU
		{1E96A005-9E45-4B6B-B5B9-01C3AD309180}.Debug|x86.ActiveCfg = Debug|Any CPU
		{1E96A005-9E45-4B6B-B5B9-01C3AD309180}.Debug|x86.Build.0 = Debug|Any CPU
		{1E96A005-9E45-4B6B-B5B9-01C3AD309180}.Release|Any CPU.ActiveCfg = Release|Any CPU
		{1E96A005-9E45-4B6B-B5B9-01C3AD309180}.Release|Any CPU.Build.0 = Release|Any CPU
		{1E96A005-9E45-4B6B-B5B9-01C3AD309180}.Release|ARM.ActiveCfg = Release|Any CPU
		{1E96A005-9E45-4B6B-B5B9-01C3AD309180}.Release|ARM.Build.0 = Release|Any CPU
		{1E96A005-9E45-4B6B-B5B9-01C3AD309180}.Release|x64.ActiveCfg = Release|Any CPU
		{1E96A005-9E45-4B6B-B5B9-01C3AD309180}.Release|x64.Build.0 = Release|Any CPU
		{1E96A005-9E45-4B6B-B5B9-01C3AD309180}.Release|x86.ActiveCfg = Release|Any CPU
		{1E96A005-9E45-4B6B-B5B9-01C3AD309180}.Release|x86.Build.0 = Release|Any CPU
		{CC87F900-4FC2-426D-8331-C71D42028751}.Debug|Any CPU.ActiveCfg = Debug|Any CPU
		{CC87F900-4FC2-426D-8331-C71D42028751}.Debug|Any CPU.Build.0 = Debug|Any CPU
		{CC87F900-4FC2-426D-8331-C71D42028751}.Debug|ARM.ActiveCfg = Debug|Any CPU
		{CC87F900-4FC2-426D-8331-C71D42028751}.Debug|ARM.Build.0 = Debug|Any CPU
		{CC87F900-4FC2-426D-8331-C71D42028751}.Debug|x64.ActiveCfg = Debug|Any CPU
		{CC87F900-4FC2-426D-8331-C71D42028751}.Debug|x64.Build.0 = Debug|Any CPU
		{CC87F900-4FC2-426D-8331-C71D42028751}.Debug|x86.ActiveCfg = Debug|Any CPU
		{CC87F900-4FC2-426D-8331-C71D42028751}.Debug|x86.Build.0 = Debug|Any CPU
		{CC87F900-4FC2-426D-8331-C71D42028751}.Release|Any CPU.ActiveCfg = Release|Any CPU
		{CC87F900-4FC2-426D-8331-C71D42028751}.Release|Any CPU.Build.0 = Release|Any CPU
		{CC87F900-4FC2-426D-8331-C71D42028751}.Release|ARM.ActiveCfg = Release|Any CPU
		{CC87F900-4FC2-426D-8331-C71D42028751}.Release|ARM.Build.0 = Release|Any CPU
		{CC87F900-4FC2-426D-8331-C71D42028751}.Release|x64.ActiveCfg = Release|Any CPU
		{CC87F900-4FC2-426D-8331-C71D42028751}.Release|x64.Build.0 = Release|Any CPU
		{CC87F900-4FC2-426D-8331-C71D42028751}.Release|x86.ActiveCfg = Release|Any CPU
		{CC87F900-4FC2-426D-8331-C71D42028751}.Release|x86.Build.0 = Release|Any CPU
		{C9923676-6A08-486C-B99C-938C97E86EEE}.Debug|Any CPU.ActiveCfg = Debug|Any CPU
		{C9923676-6A08-486C-B99C-938C97E86EEE}.Debug|Any CPU.Build.0 = Debug|Any CPU
		{C9923676-6A08-486C-B99C-938C97E86EEE}.Debug|ARM.ActiveCfg = Debug|Any CPU
		{C9923676-6A08-486C-B99C-938C97E86EEE}.Debug|ARM.Build.0 = Debug|Any CPU
		{C9923676-6A08-486C-B99C-938C97E86EEE}.Debug|x64.ActiveCfg = Debug|Any CPU
		{C9923676-6A08-486C-B99C-938C97E86EEE}.Debug|x64.Build.0 = Debug|Any CPU
		{C9923676-6A08-486C-B99C-938C97E86EEE}.Debug|x86.ActiveCfg = Debug|Any CPU
		{C9923676-6A08-486C-B99C-938C97E86EEE}.Debug|x86.Build.0 = Debug|Any CPU
		{C9923676-6A08-486C-B99C-938C97E86EEE}.Release|Any CPU.ActiveCfg = Release|Any CPU
		{C9923676-6A08-486C-B99C-938C97E86EEE}.Release|Any CPU.Build.0 = Release|Any CPU
		{C9923676-6A08-486C-B99C-938C97E86EEE}.Release|ARM.ActiveCfg = Release|Any CPU
		{C9923676-6A08-486C-B99C-938C97E86EEE}.Release|ARM.Build.0 = Release|Any CPU
		{C9923676-6A08-486C-B99C-938C97E86EEE}.Release|x64.ActiveCfg = Release|Any CPU
		{C9923676-6A08-486C-B99C-938C97E86EEE}.Release|x64.Build.0 = Release|Any CPU
		{C9923676-6A08-486C-B99C-938C97E86EEE}.Release|x86.ActiveCfg = Release|Any CPU
		{C9923676-6A08-486C-B99C-938C97E86EEE}.Release|x86.Build.0 = Release|Any CPU
		{2E80B885-C2D7-49A0-8A51-37044692AC38}.Debug|Any CPU.ActiveCfg = Debug|Any CPU
		{2E80B885-C2D7-49A0-8A51-37044692AC38}.Debug|Any CPU.Build.0 = Debug|Any CPU
		{2E80B885-C2D7-49A0-8A51-37044692AC38}.Debug|ARM.ActiveCfg = Debug|Any CPU
		{2E80B885-C2D7-49A0-8A51-37044692AC38}.Debug|ARM.Build.0 = Debug|Any CPU
		{2E80B885-C2D7-49A0-8A51-37044692AC38}.Debug|x64.ActiveCfg = Debug|Any CPU
		{2E80B885-C2D7-49A0-8A51-37044692AC38}.Debug|x64.Build.0 = Debug|Any CPU
		{2E80B885-C2D7-49A0-8A51-37044692AC38}.Debug|x86.ActiveCfg = Debug|Any CPU
		{2E80B885-C2D7-49A0-8A51-37044692AC38}.Debug|x86.Build.0 = Debug|Any CPU
		{2E80B885-C2D7-49A0-8A51-37044692AC38}.Release|Any CPU.ActiveCfg = Release|Any CPU
		{2E80B885-C2D7-49A0-8A51-37044692AC38}.Release|Any CPU.Build.0 = Release|Any CPU
		{2E80B885-C2D7-49A0-8A51-37044692AC38}.Release|ARM.ActiveCfg = Release|Any CPU
		{2E80B885-C2D7-49A0-8A51-37044692AC38}.Release|ARM.Build.0 = Release|Any CPU
		{2E80B885-C2D7-49A0-8A51-37044692AC38}.Release|x64.ActiveCfg = Release|Any CPU
		{2E80B885-C2D7-49A0-8A51-37044692AC38}.Release|x64.Build.0 = Release|Any CPU
		{2E80B885-C2D7-49A0-8A51-37044692AC38}.Release|x86.ActiveCfg = Release|Any CPU
		{2E80B885-C2D7-49A0-8A51-37044692AC38}.Release|x86.Build.0 = Release|Any CPU
	EndGlobalSection
	GlobalSection(SolutionProperties) = preSolution
		HideSolutionNode = FALSE
	EndGlobalSection
	GlobalSection(NestedProjects) = preSolution
		{1E96A005-9E45-4B6B-B5B9-01C3AD309180} = {075BC1BD-358F-4EE5-A20C-1A68D56D1D3D}
		{C9923676-6A08-486C-B99C-938C97E86EEE} = {7692CEAC-35CD-485B-A937-88F765BAE4AF}
		{2E80B885-C2D7-49A0-8A51-37044692AC38} = {7692CEAC-35CD-485B-A937-88F765BAE4AF}
	EndGlobalSection
	GlobalSection(ExtensibilityGlobals) = postSolution
		SolutionGuid = {BB9648DF-E57C-4F23-B621-0FF8EF568561}
	EndGlobalSection
EndGlobal
